
Microsoft Visual Studio Solution File, Format Version 12.00
# Visual Studio Version 16
VisualStudioVersion = 16.0.29424.173
MinimumVisualStudioVersion = 10.0.40219.1
Project("{FAE04EC0-301F-11D3-BF4B-00C04F79EFBC}") = "consideratePrompts", "consideratePrompts.csproj", "{A12C5F91-87D3-447A-90E8-CC419BBC596D}"
EndProject
Global
	GlobalSection(SolutionConfigurationPlatforms) = preSolution
		Debug|Any CPU = Debug|Any CPU
		Release|Any CPU = Release|Any CPU
	EndGlobalSection
	GlobalSection(ProjectConfigurationPlatforms) = postSolution
		{A12C5F91-87D3-447A-90E8-CC419BBC596D}.Debug|Any CPU.ActiveCfg = Debug|Any CPU
		{A12C5F91-87D3-447A-90E8-CC419BBC596D}.Debug|Any CPU.Build.0 = Debug|Any CPU
		{A12C5F91-87D3-447A-90E8-CC419BBC596D}.Release|Any CPU.ActiveCfg = Release|Any CPU
		{A12C5F91-87D3-447A-90E8-CC419BBC596D}.Release|Any CPU.Build.0 = Release|Any CPU
	EndGlobalSection
	GlobalSection(SolutionProperties) = preSolution
		HideSolutionNode = FALSE
	EndGlobalSection
	GlobalSection(ExtensibilityGlobals) = postSolution
		SolutionGuid = {4190B699-992D-4961-A932-0E0456A1B152}
	EndGlobalSection
EndGlobal
